
Microsoft Visual Studio Solution File, Format Version 12.00
# Visual Studio 15
VisualStudioVersion = 15.0.26730.3
MinimumVisualStudioVersion = 10.0.40219.1
Project("{FAE04EC0-301F-11D3-BF4B-00C04F79EFBC}") = "AutoApproval", "AutoApproval\AutoApproval.csproj", "{B96E4C4B-1986-4428-BF2F-856BE1DF936C}"
EndProject
Project("{FAE04EC0-301F-11D3-BF4B-00C04F79EFBC}") = "NClassifier", "..\NClassifier-master\NClassifier-master\src\NClassifier\NClassifier.csproj", "{688701F9-7D95-435D-941F-54A4F3437205}"
EndProject
Project("{FAE04EC0-301F-11D3-BF4B-00C04F79EFBC}") = "NRakeCore", "..\NRake-master\NRake-master\NRakeCore\NRakeCore.csproj", "{1D4AF0C3-15F6-48BF-B12D-39C7802172D9}"
EndProject
Global
	GlobalSection(SolutionConfigurationPlatforms) = preSolution
		Debug|Any CPU = Debug|Any CPU
		Release|Any CPU = Release|Any CPU
	EndGlobalSection
	GlobalSection(ProjectConfigurationPlatforms) = postSolution
		{B96E4C4B-1986-4428-BF2F-856BE1DF936C}.Debug|Any CPU.ActiveCfg = Debug|Any CPU
		{B96E4C4B-1986-4428-BF2F-856BE1DF936C}.Debug|Any CPU.Build.0 = Debug|Any CPU
		{B96E4C4B-1986-4428-BF2F-856BE1DF936C}.Release|Any CPU.ActiveCfg = Release|Any CPU
		{B96E4C4B-1986-4428-BF2F-856BE1DF936C}.Release|Any CPU.Build.0 = Release|Any CPU
		{688701F9-7D95-435D-941F-54A4F3437205}.Debug|Any CPU.ActiveCfg = Debug|Any CPU
		{688701F9-7D95-435D-941F-54A4F3437205}.Debug|Any CPU.Build.0 = Debug|Any CPU
		{688701F9-7D95-435D-941F-54A4F3437205}.Release|Any CPU.ActiveCfg = Release|Any CPU
		{688701F9-7D95-435D-941F-54A4F3437205}.Release|Any CPU.Build.0 = Release|Any CPU
		{1D4AF0C3-15F6-48BF-B12D-39C7802172D9}.Debug|Any CPU.ActiveCfg = Debug|Any CPU
		{1D4AF0C3-15F6-48BF-B12D-39C7802172D9}.Debug|Any CPU.Build.0 = Debug|Any CPU
		{1D4AF0C3-15F6-48BF-B12D-39C7802172D9}.Release|Any CPU.ActiveCfg = Release|Any CPU
		{1D4AF0C3-15F6-48BF-B12D-39C7802172D9}.Release|Any CPU.Build.0 = Release|Any CPU
	EndGlobalSection
	GlobalSection(SolutionProperties) = preSolution
		HideSolutionNode = FALSE
	EndGlobalSection
	GlobalSection(ExtensibilityGlobals) = postSolution
		SolutionGuid = {181656B3-897B-4086-85CB-A76D54091A20}
	EndGlobalSection
EndGlobal
